
Microsoft Visual Studio Solution File, Format Version 12.00
# Visual Studio Version 16
VisualStudioVersion = 16.0.31019.35
MinimumVisualStudioVersion = 10.0.40219.1
Project("{8BC9CEB8-8B4A-11D0-8D11-00A0C91BC942}") = "Pong", "Pong.vcxproj", "{3953891C-8696-46D4-AD1E-FCDE7A88BD19}"
EndProject
Global
	GlobalSection(SolutionConfigurationPlatforms) = preSolution
		Debug|x64 = Debug|x64
		Debug|x86 = Debug|x86
		Release|x64 = Release|x64
		Release|x86 = Release|x86
	EndGlobalSection
	GlobalSection(ProjectConfigurationPlatforms) = postSolution
		{3953891C-8696-46D4-AD1E-FCDE7A88BD19}.Debug|x64.ActiveCfg = Debug|x64
		{3953891C-8696-46D4-AD1E-FCDE7A88BD19}.Debug|x64.Build.0 = Debug|x64
		{3953891C-8696-46D4-AD1E-FCDE7A88BD19}.Debug|x86.ActiveCfg = Debug|Win32
		{3953891C-8696-46D4-AD1E-FCDE7A88BD19}.Debug|x86.Build.0 = Debug|Win32
		{3953891C-8696-46D4-AD1E-FCDE7A88BD19}.Release|x64.ActiveCfg = Release|x64
		{3953891C-8696-46D4-AD1E-FCDE7A88BD19}.Release|x64.Build.0 = Release|x64
		{3953891C-8696-46D4-AD1E-FCDE7A88BD19}.Release|x86.ActiveCfg = Release|Win32
		{3953891C-8696-46D4-AD1E-FCDE7A88BD19}.Release|x86.Build.0 = Release|Win32
	EndGlobalSection
	GlobalSection(SolutionProperties) = preSolution
		HideSolutionNode = FALSE
	EndGlobalSection
	GlobalSection(ExtensibilityGlobals) = postSolution
		SolutionGuid = {6B3E3BED-AB74-4640-BC44-E904BF5F2EF0}
	EndGlobalSection
EndGlobal
